# This file was autogenerated by Stack.
# You should not edit this file by hand.
# For more information, please see the documentation at:
#   https://docs.haskellstack.org/en/stable/lock_files

packages:
- completed:
    hackage: base64-0.4.2.3@sha256:d8a82b0f446e89d1d3b3e7c8fc5b3cd2f5063c43309bd3c971050d9c0eb74783,2867
    pantry-tree:
      size: 2116
      sha256: 52ea810635517dd6c2c39a4b04d50bb4be6925026873f5bdb1c2e4846325d6ef
  original:
    hackage: base64-0.4.2.3
- completed:
    hackage: case-conversion-0.2@sha256:f4e218c8b5bc486242a4ffd8dbf5a1c79a1198b5c4a5767216e4d3d3f82257d7,786
    pantry-tree:
      size: 319
      sha256: b5720ba4b6b11dc8381311726f3c68137949d3290acd9e3fc13ede71fa712003
  original:
    hackage: case-conversion-0.2@sha256:f4e218c8b5bc486242a4ffd8dbf5a1c79a1198b5c4a5767216e4d3d3f82257d7
- completed:
    hackage: ghc-byteorder-4.11.0.0.10@sha256:e345720de7b28ba1bf434775d34d3b94da8e8dd5dc24469f008e1f82717c0352,1594
    pantry-tree:
      size: 169
      sha256: 91dc472189a4e6781f55b980a5be52742798e84c8c7ca3a6767a3b9a59d27835
  original:
    hackage: ghc-byteorder-4.11.0.0.10
snapshots:
- completed:
    size: 586292
    url: https://raw.githubusercontent.com/commercialhaskell/stackage-snapshots/master/lts/18/17.yaml
    sha256: e66e70a7f998036025e8f40abc89b8eeb79c88f57727020cba1b54f375aa7ca0
  original: lts-18.17
