# This file was autogenerated by Stack.
# You should not edit this file by hand.
# For more information, please see the documentation at:
#   https://docs.haskellstack.org/en/stable/lock_files

packages:
- completed:
    hackage: case-conversion-0.2@sha256:f4e218c8b5bc486242a4ffd8dbf5a1c79a1198b5c4a5767216e4d3d3f82257d7,786
    pantry-tree:
      size: 319
      sha256: b5720ba4b6b11dc8381311726f3c68137949d3290acd9e3fc13ede71fa712003
  original:
    hackage: case-conversion-0.2@sha256:f4e218c8b5bc486242a4ffd8dbf5a1c79a1198b5c4a5767216e4d3d3f82257d7
snapshots:
- completed:
    size: 617368
    url: https://raw.githubusercontent.com/commercialhaskell/stackage-snapshots/master/lts/19/2.yaml
    sha256: e7e57649a12f6178d1158e4b6f1f1885ed56d210ae6174385271cecc9b1ea974
  original: lts-19.2
