# This file was autogenerated by Stack.
# You should not edit this file by hand.
# For more information, please see the documentation at:
#   https://docs.haskellstack.org/en/stable/lock_files

packages:
- completed:
    hackage: base64-0.4.2.3@sha256:d8a82b0f446e89d1d3b3e7c8fc5b3cd2f5063c43309bd3c971050d9c0eb74783,2867
    pantry-tree:
      size: 2116
      sha256: 52ea810635517dd6c2c39a4b04d50bb4be6925026873f5bdb1c2e4846325d6ef
  original:
    hackage: base64-0.4.2.3
- completed:
    hackage: case-conversion-0.2@sha256:f4e218c8b5bc486242a4ffd8dbf5a1c79a1198b5c4a5767216e4d3d3f82257d7,786
    pantry-tree:
      size: 319
      sha256: b5720ba4b6b11dc8381311726f3c68137949d3290acd9e3fc13ede71fa712003
  original:
    hackage: case-conversion-0.2@sha256:f4e218c8b5bc486242a4ffd8dbf5a1c79a1198b5c4a5767216e4d3d3f82257d7
- completed:
    hackage: ghc-byteorder-4.11.0.0.10@sha256:d47fdef63f2a145091e91b1aedbd46bf61ca03bb935e81e3462a1d904c319de3,1594
    pantry-tree:
      size: 169
      sha256: 61d9a815b5fcef9127430d7a7660a0209117d987dc80d7af05bb96c188375140
  original:
    hackage: ghc-byteorder-4.11.0.0.10
snapshots:
- completed:
    size: 567672
    url: https://raw.githubusercontent.com/commercialhaskell/stackage-snapshots/master/lts/17/11.yaml
    sha256: 03181cdbeb671eb605bbcf6f285bea4d094b6ac7433a0e14a9f1dd54ad995938
  original: lts-17.11
