# This file was autogenerated by Stack.
# You should not edit this file by hand.
# For more information, please see the documentation at:
#   https://docs.haskellstack.org/en/stable/lock_files

packages:
- completed:
    hackage: case-conversion-0.2@sha256:f4e218c8b5bc486242a4ffd8dbf5a1c79a1198b5c4a5767216e4d3d3f82257d7,786
    pantry-tree:
      sha256: b5720ba4b6b11dc8381311726f3c68137949d3290acd9e3fc13ede71fa712003
      size: 319
  original:
    hackage: case-conversion-0.2@sha256:f4e218c8b5bc486242a4ffd8dbf5a1c79a1198b5c4a5767216e4d3d3f82257d7
snapshots:
- completed:
    sha256: 1ecad1f0bd2c27de88dbff6572446cfdf647c615d58a7e2e2085c6b7dfc04176
    size: 619403
    url: https://raw.githubusercontent.com/commercialhaskell/stackage-snapshots/master/lts/19/25.yaml
  original: lts-19.25
